
Microsoft Visual Studio Solution File, Format Version 12.00
# Visual Studio Version 17
VisualStudioVersion = 17.9.34622.214
MinimumVisualStudioVersion = 10.0.40219.1
Project("{FAE04EC0-301F-11D3-BF4B-00C04F79EFBC}") = "Execute", "ConsoleApp1\Execute.csproj", "{08BD6D2E-AA2F-4AE5-9325-D3B07858BC39}"
EndProject
Project("{FAE04EC0-301F-11D3-BF4B-00C04F79EFBC}") = "StringsUtilitys", "StringsUtilitys\StringsUtilitys.csproj", "{55C6DB7B-AFE0-4B15-8B7B-3CFFD22B9EA4}"
EndProject
Project("{FAE04EC0-301F-11D3-BF4B-00C04F79EFBC}") = "SearchAndSort", "SearchAndShort\SearchAndSort.csproj", "{F34178E2-1A45-42ED-8235-95DBB62A1213}"
EndProject
Global
	GlobalSection(SolutionConfigurationPlatforms) = preSolution
		Debug|Any CPU = Debug|Any CPU
		Release|Any CPU = Release|Any CPU
	EndGlobalSection
	GlobalSection(ProjectConfigurationPlatforms) = postSolution
		{08BD6D2E-AA2F-4AE5-9325-D3B07858BC39}.Debug|Any CPU.ActiveCfg = Debug|Any CPU
		{08BD6D2E-AA2F-4AE5-9325-D3B07858BC39}.Debug|Any CPU.Build.0 = Debug|Any CPU
		{08BD6D2E-AA2F-4AE5-9325-D3B07858BC39}.Release|Any CPU.ActiveCfg = Release|Any CPU
		{08BD6D2E-AA2F-4AE5-9325-D3B07858BC39}.Release|Any CPU.Build.0 = Release|Any CPU
		{55C6DB7B-AFE0-4B15-8B7B-3CFFD22B9EA4}.Debug|Any CPU.ActiveCfg = Debug|Any CPU
		{55C6DB7B-AFE0-4B15-8B7B-3CFFD22B9EA4}.Debug|Any CPU.Build.0 = Debug|Any CPU
		{55C6DB7B-AFE0-4B15-8B7B-3CFFD22B9EA4}.Release|Any CPU.ActiveCfg = Release|Any CPU
		{55C6DB7B-AFE0-4B15-8B7B-3CFFD22B9EA4}.Release|Any CPU.Build.0 = Release|Any CPU
		{F34178E2-1A45-42ED-8235-95DBB62A1213}.Debug|Any CPU.ActiveCfg = Debug|Any CPU
		{F34178E2-1A45-42ED-8235-95DBB62A1213}.Debug|Any CPU.Build.0 = Debug|Any CPU
		{F34178E2-1A45-42ED-8235-95DBB62A1213}.Release|Any CPU.ActiveCfg = Release|Any CPU
		{F34178E2-1A45-42ED-8235-95DBB62A1213}.Release|Any CPU.Build.0 = Release|Any CPU
	EndGlobalSection
	GlobalSection(SolutionProperties) = preSolution
		HideSolutionNode = FALSE
	EndGlobalSection
	GlobalSection(ExtensibilityGlobals) = postSolution
		SolutionGuid = {9EAE69E9-632B-4BE6-9CDA-0E5FA6955850}
	EndGlobalSection
EndGlobal
